
Microsoft Visual Studio Solution File, Format Version 11.00
# Visual Studio 2010
Project("{FAE04EC0-301F-11D3-BF4B-00C04F79EFBC}") = "BarbariaTut", "Assembly-CSharp.csproj", "{D810A70A-7C82-26F9-0C9D-8D0C681417EC}"
EndProject
Project("{FAE04EC0-301F-11D3-BF4B-00C04F79EFBC}") = "BarbariaTut", "Assembly-CSharp-Editor.csproj", "{21F30C49-A990-FB5A-B276-E9CE42024E8D}"
EndProject
Global
	GlobalSection(SolutionConfigurationPlatforms) = preSolution
		Debug|Any CPU = Debug|Any CPU
		Release|Any CPU = Release|Any CPU
	EndGlobalSection
	GlobalSection(ProjectConfigurationPlatforms) = postSolution
		{D810A70A-7C82-26F9-0C9D-8D0C681417EC}.Debug|Any CPU.ActiveCfg = Debug|Any CPU
		{D810A70A-7C82-26F9-0C9D-8D0C681417EC}.Debug|Any CPU.Build.0 = Debug|Any CPU
		{D810A70A-7C82-26F9-0C9D-8D0C681417EC}.Release|Any CPU.ActiveCfg = Release|Any CPU
		{D810A70A-7C82-26F9-0C9D-8D0C681417EC}.Release|Any CPU.Build.0 = Release|Any CPU
		{21F30C49-A990-FB5A-B276-E9CE42024E8D}.Debug|Any CPU.ActiveCfg = Debug|Any CPU
		{21F30C49-A990-FB5A-B276-E9CE42024E8D}.Debug|Any CPU.Build.0 = Debug|Any CPU
		{21F30C49-A990-FB5A-B276-E9CE42024E8D}.Release|Any CPU.ActiveCfg = Release|Any CPU
		{21F30C49-A990-FB5A-B276-E9CE42024E8D}.Release|Any CPU.Build.0 = Release|Any CPU
	EndGlobalSection
	GlobalSection(SolutionProperties) = preSolution
		HideSolutionNode = FALSE
	EndGlobalSection
	GlobalSection(MonoDevelopProperties) = preSolution
		StartupItem = Assembly-CSharp.csproj
	EndGlobalSection
EndGlobal
