
Microsoft Visual Studio Solution File, Format Version 12.00
# Visual Studio 2017
Project("{FAE04EC0-301F-11D3-BF4B-00C04F79EFBC}") = "BarbariaTut", "BarbariaTut.csproj", "{C7244415-39AC-AE4D-9EDF-20CFA353B131}"
EndProject
Project("{FAE04EC0-301F-11D3-BF4B-00C04F79EFBC}") = "BarbariaTut.Editor", "BarbariaTut.Editor.csproj", "{F2C9FD45-BF44-53DA-E263-CC082C7BC375}"
EndProject
Global
	GlobalSection(SolutionConfigurationPlatforms) = preSolution
		Debug|Any CPU = Debug|Any CPU
		Release|Any CPU = Release|Any CPU
	EndGlobalSection
	GlobalSection(ProjectConfigurationPlatforms) = postSolution
		{C7244415-39AC-AE4D-9EDF-20CFA353B131}.Debug|Any CPU.ActiveCfg = Debug|Any CPU
		{C7244415-39AC-AE4D-9EDF-20CFA353B131}.Debug|Any CPU.Build.0 = Debug|Any CPU
		{C7244415-39AC-AE4D-9EDF-20CFA353B131}.Release|Any CPU.ActiveCfg = Release|Any CPU
		{C7244415-39AC-AE4D-9EDF-20CFA353B131}.Release|Any CPU.Build.0 = Release|Any CPU
		{F2C9FD45-BF44-53DA-E263-CC082C7BC375}.Debug|Any CPU.ActiveCfg = Debug|Any CPU
		{F2C9FD45-BF44-53DA-E263-CC082C7BC375}.Debug|Any CPU.Build.0 = Debug|Any CPU
		{F2C9FD45-BF44-53DA-E263-CC082C7BC375}.Release|Any CPU.ActiveCfg = Release|Any CPU
		{F2C9FD45-BF44-53DA-E263-CC082C7BC375}.Release|Any CPU.Build.0 = Release|Any CPU
	EndGlobalSection
	GlobalSection(SolutionProperties) = preSolution
		HideSolutionNode = FALSE
	EndGlobalSection
EndGlobal
